uuid: 89b1654f-6f10-43ca-9c45-9ec0cec326e3
langcode: en
status: true
dependencies:
  config:
    - field.storage.paragraph.field_block
    - paragraphs.paragraphs_type.view
id: paragraph.view.field_block
field_name: field_block
entity_type: paragraph
bundle: view
label: Block
description: ''
required: false
translatable: false
default_value: {  }
default_value_callback: ''
settings:
  handler: 'default:block'
  handler_settings:
    target_bundles: null
    auto_create: false
field_type: entity_reference
